
Microsoft Visual Studio Solution File, Format Version 12.00
# Visual Studio 15
VisualStudioVersion = 15.0.28307.271
MinimumVisualStudioVersion = 10.0.40219.1
Project("{FAE04EC0-301F-11D3-BF4B-00C04F79EFBC}") = "MakeTeklaListWPF", "MakeTeklaListWPF\MakeTeklaListWPF.csproj", "{C051FC9C-7977-4195-9074-BB9BCF064547}"
EndProject
Global
	GlobalSection(SolutionConfigurationPlatforms) = preSolution
		Debug|Any CPU = Debug|Any CPU
		Release|Any CPU = Release|Any CPU
	EndGlobalSection
	GlobalSection(ProjectConfigurationPlatforms) = postSolution
		{C051FC9C-7977-4195-9074-BB9BCF064547}.Debug|Any CPU.ActiveCfg = Debug|Any CPU
		{C051FC9C-7977-4195-9074-BB9BCF064547}.Debug|Any CPU.Build.0 = Debug|Any CPU
		{C051FC9C-7977-4195-9074-BB9BCF064547}.Release|Any CPU.ActiveCfg = Release|Any CPU
		{C051FC9C-7977-4195-9074-BB9BCF064547}.Release|Any CPU.Build.0 = Release|Any CPU
	EndGlobalSection
	GlobalSection(SolutionProperties) = preSolution
		HideSolutionNode = FALSE
	EndGlobalSection
	GlobalSection(ExtensibilityGlobals) = postSolution
		SolutionGuid = {248156C5-68AF-417E-82E2-DE554B40EA3B}
	EndGlobalSection
EndGlobal
